
Microsoft Visual Studio Solution File, Format Version 12.00
# Visual Studio Version 17
VisualStudioVersion = 17.5.33530.505
MinimumVisualStudioVersion = 10.0.40219.1
Project("{9A19103F-16F7-4668-BE54-9A1E7A4F7556}") = "WorldBankDBMVC", "WorldBankDBMVC\WorldBankDBMVC.csproj", "{777EC780-7ABE-47D6-ADF0-571B233172BC}"
EndProject
Project("{9A19103F-16F7-4668-BE54-9A1E7A4F7556}") = "WorldBankDB.DataAccess.EF", "WorldBankDB.DataAccess.EF\WorldBankDB.DataAccess.EF.csproj", "{A2718E9D-BED3-4336-996A-062FA5F065E2}"
EndProject
Project("{FAE04EC0-301F-11D3-BF4B-00C04F79EFBC}") = "WorldBankDB.DataAccess.Test", "WorldBankDB.DataAccess.Test\WorldBankDB.DataAccess.Test.csproj", "{2F08DCE3-B6E1-4479-9AF4-9D82BDA5C72A}"
EndProject
Global
	GlobalSection(SolutionConfigurationPlatforms) = preSolution
		Debug|Any CPU = Debug|Any CPU
		Release|Any CPU = Release|Any CPU
	EndGlobalSection
	GlobalSection(ProjectConfigurationPlatforms) = postSolution
		{777EC780-7ABE-47D6-ADF0-571B233172BC}.Debug|Any CPU.ActiveCfg = Debug|Any CPU
		{777EC780-7ABE-47D6-ADF0-571B233172BC}.Debug|Any CPU.Build.0 = Debug|Any CPU
		{777EC780-7ABE-47D6-ADF0-571B233172BC}.Release|Any CPU.ActiveCfg = Release|Any CPU
		{777EC780-7ABE-47D6-ADF0-571B233172BC}.Release|Any CPU.Build.0 = Release|Any CPU
		{A2718E9D-BED3-4336-996A-062FA5F065E2}.Debug|Any CPU.ActiveCfg = Debug|Any CPU
		{A2718E9D-BED3-4336-996A-062FA5F065E2}.Debug|Any CPU.Build.0 = Debug|Any CPU
		{A2718E9D-BED3-4336-996A-062FA5F065E2}.Release|Any CPU.ActiveCfg = Release|Any CPU
		{A2718E9D-BED3-4336-996A-062FA5F065E2}.Release|Any CPU.Build.0 = Release|Any CPU
		{2F08DCE3-B6E1-4479-9AF4-9D82BDA5C72A}.Debug|Any CPU.ActiveCfg = Debug|Any CPU
		{2F08DCE3-B6E1-4479-9AF4-9D82BDA5C72A}.Debug|Any CPU.Build.0 = Debug|Any CPU
		{2F08DCE3-B6E1-4479-9AF4-9D82BDA5C72A}.Release|Any CPU.ActiveCfg = Release|Any CPU
		{2F08DCE3-B6E1-4479-9AF4-9D82BDA5C72A}.Release|Any CPU.Build.0 = Release|Any CPU
	EndGlobalSection
	GlobalSection(SolutionProperties) = preSolution
		HideSolutionNode = FALSE
	EndGlobalSection
	GlobalSection(ExtensibilityGlobals) = postSolution
		SolutionGuid = {0CEB2D48-963A-43FE-BB81-22D5D8A10008}
	EndGlobalSection
EndGlobal
